// !$*UTF8*$!
{
	archiveVersion = 1;
	classes = {
	};
	objectVersion = 50;
	objects = {

/* Begin PBXBuildFile section */
		C9064FA823A7509700DC97C0 /* AppDelegate.swift in Sources */ = {isa = PBXBuildFile; fileRef = C9064FA723A7509700DC97C0 /* AppDelegate.swift */; };
		C9064FAA23A7509700DC97C0 /* SceneDelegate.swift in Sources */ = {isa = PBXBuildFile; fileRef = C9064FA923A7509700DC97C0 /* SceneDelegate.swift */; };
		C9064FAC23A7509700DC97C0 /* ViewController.swift in Sources */ = {isa = PBXBuildFile; fileRef = C9064FAB23A7509700DC97C0 /* ViewController.swift */; };
		C9064FAF23A7509700DC97C0 /* Main.storyboard in Resources */ = {isa = PBXBuildFile; fileRef = C9064FAD23A7509700DC97C0 /* Main.storyboard */; };
		C9064FB123A7509800DC97C0 /* Assets.xcassets in Resources */ = {isa = PBXBuildFile; fileRef = C9064FB023A7509800DC97C0 /* Assets.xcassets */; };
		C9064FB423A7509800DC97C0 /* LaunchScreen.storyboard in Resources */ = {isa = PBXBuildFile; fileRef = C9064FB223A7509800DC97C0 /* LaunchScreen.storyboard */; };
		C9064FBF23A7509800DC97C0 /* SkeletonViewUITests.swift in Sources */ = {isa = PBXBuildFile; fileRef = C9064FBE23A7509800DC97C0 /* SkeletonViewUITests.swift */; };
		C9064FCA23A7520B00DC97C0 /* SkeletonView.swift in Sources */ = {isa = PBXBuildFile; fileRef = C9064FC923A7520B00DC97C0 /* SkeletonView.swift */; };
		C9064FCD23A7521F00DC97C0 /* Sizes.swift in Sources */ = {isa = PBXBuildFile; fileRef = C9064FCC23A7521F00DC97C0 /* Sizes.swift */; };
		C9064FCF23A7522D00DC97C0 /* Colors.swift in Sources */ = {isa = PBXBuildFile; fileRef = C9064FCE23A7522D00DC97C0 /* Colors.swift */; };
/* End PBXBuildFile section */

/* Begin PBXContainerItemProxy section */
		C9064FBB23A7509800DC97C0 /* PBXContainerItemProxy */ = {
			isa = PBXContainerItemProxy;
			containerPortal = C9064F9C23A7509700DC97C0 /* Project object */;
			proxyType = 1;
			remoteGlobalIDString = C9064FA323A7509700DC97C0;
			remoteInfo = SkeletonView;
		};
/* End PBXContainerItemProxy section */

/* Begin PBXFileReference section */
		C9064FA423A7509700DC97C0 /* SkeletonView.app */ = {isa = PBXFileReference; explicitFileType = wrapper.application; includeInIndex = 0; path = SkeletonView.app; sourceTree = BUILT_PRODUCTS_DIR; };
		C9064FA723A7509700DC97C0 /* AppDelegate.swift */ = {isa = PBXFileReference; lastKnownFileType = sourcecode.swift; path = AppDelegate.swift; sourceTree = "<group>"; };
		C9064FA923A7509700DC97C0 /* SceneDelegate.swift */ = {isa = PBXFileReference; lastKnownFileType = sourcecode.swift; path = SceneDelegate.swift; sourceTree = "<group>"; };
		C9064FAB23A7509700DC97C0 /* ViewController.swift */ = {isa = PBXFileReference; lastKnownFileType = sourcecode.swift; path = ViewController.swift; sourceTree = "<group>"; };
		C9064FAE23A7509700DC97C0 /* Base */ = {isa = PBXFileReference; lastKnownFileType = file.storyboard; name = Base; path = Base.lproj/Main.storyboard; sourceTree = "<group>"; };
		C9064FB023A7509800DC97C0 /* Assets.xcassets */ = {isa = PBXFileReference; lastKnownFileType = folder.assetcatalog; path = Assets.xcassets; sourceTree = "<group>"; };
		C9064FB323A7509800DC97C0 /* Base */ = {isa = PBXFileReference; lastKnownFileType = file.storyboard; name = Base; path = Base.lproj/LaunchScreen.storyboard; sourceTree = "<group>"; };
		C9064FB523A7509800DC97C0 /* Info.plist */ = {isa = PBXFileReference; lastKnownFileType = text.plist.xml; path = Info.plist; sourceTree = "<group>"; };
		C9064FBA23A7509800DC97C0 /* SkeletonViewUITests.xctest */ = {isa = PBXFileReference; explicitFileType = wrapper.cfbundle; includeInIndex = 0; path = SkeletonViewUITests.xctest; sourceTree = BUILT_PRODUCTS_DIR; };
		C9064FBE23A7509800DC97C0 /* SkeletonViewUITests.swift */ = {isa = PBXFileReference; lastKnownFileType = sourcecode.swift; path = SkeletonViewUITests.swift; sourceTree = "<group>"; };
		C9064FC023A7509800DC97C0 /* Info.plist */ = {isa = PBXFileReference; lastKnownFileType = text.plist.xml; path = Info.plist; sourceTree = "<group>"; };
		C9064FC923A7520B00DC97C0 /* SkeletonView.swift */ = {isa = PBXFileReference; lastKnownFileType = sourcecode.swift; path = SkeletonView.swift; sourceTree = "<group>"; };
		C9064FCC23A7521F00DC97C0 /* Sizes.swift */ = {isa = PBXFileReference; lastKnownFileType = sourcecode.swift; path = Sizes.swift; sourceTree = "<group>"; };
		C9064FCE23A7522D00DC97C0 /* Colors.swift */ = {isa = PBXFileReference; lastKnownFileType = sourcecode.swift; path = Colors.swift; sourceTree = "<group>"; };
/* End PBXFileReference section */

/* Begin PBXFrameworksBuildPhase section */
		C9064FA123A7509700DC97C0 /* Frameworks */ = {
			isa = PBXFrameworksBuildPhase;
			buildActionMask = 2147483647;
			files = (
			);
			runOnlyForDeploymentPostprocessing = 0;
		};
		C9064FB723A7509800DC97C0 /* Frameworks */ = {
			isa = PBXFrameworksBuildPhase;
			buildActionMask = 2147483647;
			files = (
			);
			runOnlyForDeploymentPostprocessing = 0;
		};
/* End PBXFrameworksBuildPhase section */

/* Begin PBXGroup section */
		C9064F9B23A7509700DC97C0 = {
			isa = PBXGroup;
			children = (
				C9064FA623A7509700DC97C0 /* SkeletonView */,
				C9064FBD23A7509800DC97C0 /* SkeletonViewUITests */,
				C9064FA523A7509700DC97C0 /* Products */,
			);
			sourceTree = "<group>";
		};
		C9064FA523A7509700DC97C0 /* Products */ = {
			isa = PBXGroup;
			children = (
				C9064FA423A7509700DC97C0 /* SkeletonView.app */,
				C9064FBA23A7509800DC97C0 /* SkeletonViewUITests.xctest */,
			);
			name = Products;
			sourceTree = "<group>";
		};
		C9064FA623A7509700DC97C0 /* SkeletonView */ = {
			isa = PBXGroup;
			children = (
				C9064FA723A7509700DC97C0 /* AppDelegate.swift */,
				C9064FA923A7509700DC97C0 /* SceneDelegate.swift */,
				C9064FAB23A7509700DC97C0 /* ViewController.swift */,
				C9064FAD23A7509700DC97C0 /* Main.storyboard */,
				C9064FC923A7520B00DC97C0 /* SkeletonView.swift */,
				C9064FCB23A7521600DC97C0 /* Resources */,
				C9064FB023A7509800DC97C0 /* Assets.xcassets */,
				C9064FB223A7509800DC97C0 /* LaunchScreen.storyboard */,
				C9064FB523A7509800DC97C0 /* Info.plist */,
			);
			path = SkeletonView;
			sourceTree = "<group>";
		};
		C9064FBD23A7509800DC97C0 /* SkeletonViewUITests */ = {
			isa = PBXGroup;
			children = (
				C9064FBE23A7509800DC97C0 /* SkeletonViewUITests.swift */,
				C9064FC023A7509800DC97C0 /* Info.plist */,
			);
			path = SkeletonViewUITests;
			sourceTree = "<group>";
		};
		C9064FCB23A7521600DC97C0 /* Resources */ = {
			isa = PBXGroup;
			children = (
				C9064FCC23A7521F00DC97C0 /* Sizes.swift */,
				C9064FCE23A7522D00DC97C0 /* Colors.swift */,
			);
			path = Resources;
			sourceTree = "<group>";
		};
/* End PBXGroup section */

/* Begin PBXNativeTarget section */
		C9064FA323A7509700DC97C0 /* SkeletonView */ = {
			isa = PBXNativeTarget;
			buildConfigurationList = C9064FC323A7509800DC97C0 /* Build configuration list for PBXNativeTarget "SkeletonView" */;
			buildPhases = (
				C9064FA023A7509700DC97C0 /* Sources */,
				C9064FA123A7509700DC97C0 /* Frameworks */,
				C9064FA223A7509700DC97C0 /* Resources */,
			);
			buildRules = (
			);
			dependencies = (
			);
			name = SkeletonView;
			productName = SkeletonView;
			productReference = C9064FA423A7509700DC97C0 /* SkeletonView.app */;
			productType = "com.apple.product-type.application";
		};
		C9064FB923A7509800DC97C0 /* SkeletonViewUITests */ = {
			isa = PBXNativeTarget;
			buildConfigurationList = C9064FC623A7509800DC97C0 /* Build configuration list for PBXNativeTarget "SkeletonViewUITests" */;
			buildPhases = (
				C9064FB623A7509800DC97C0 /* Sources */,
				C9064FB723A7509800DC97C0 /* Frameworks */,
				C9064FB823A7509800DC97C0 /* Resources */,
			);
			buildRules = (
			);
			dependencies = (
				C9064FBC23A7509800DC97C0 /* PBXTargetDependency */,
			);
			name = SkeletonViewUITests;
			productName = SkeletonViewUITests;
			productReference = C9064FBA23A7509800DC97C0 /* SkeletonViewUITests.xctest */;
			productType = "com.apple.product-type.bundle.ui-testing";
		};
/* End PBXNativeTarget section */

/* Begin PBXProject section */
		C9064F9C23A7509700DC97C0 /* Project object */ = {
			isa = PBXProject;
			attributes = {
				LastSwiftUpdateCheck = 1110;
				LastUpgradeCheck = 1110;
				ORGANIZATIONNAME = "オムラユウキ";
				TargetAttributes = {
					C9064FA323A7509700DC97C0 = {
						CreatedOnToolsVersion = 11.1;
					};
					C9064FB923A7509800DC97C0 = {
						CreatedOnToolsVersion = 11.1;
						TestTargetID = C9064FA323A7509700DC97C0;
					};
				};
			};
			buildConfigurationList = C9064F9F23A7509700DC97C0 /* Build configuration list for PBXProject "SkeletonView" */;
			compatibilityVersion = "Xcode 9.3";
			developmentRegion = en;
			hasScannedForEncodings = 0;
			knownRegions = (
				en,
				Base,
			);
			mainGroup = C9064F9B23A7509700DC97C0;
			productRefGroup = C9064FA523A7509700DC97C0 /* Products */;
			projectDirPath = "";
			projectRoot = "";
			targets = (
				C9064FA323A7509700DC97C0 /* SkeletonView */,
				C9064FB923A7509800DC97C0 /* SkeletonViewUITests */,
			);
		};
/* End PBXProject section */

/* Begin PBXResourcesBuildPhase section */
		C9064FA223A7509700DC97C0 /* Resources */ = {
			isa = PBXResourcesBuildPhase;
			buildActionMask = 2147483647;
			files = (
				C9064FB423A7509800DC97C0 /* LaunchScreen.storyboard in Resources */,
				C9064FB123A7509800DC97C0 /* Assets.xcassets in Resources */,
				C9064FAF23A7509700DC97C0 /* Main.storyboard in Resources */,
			);
			runOnlyForDeploymentPostprocessing = 0;
		};
		C9064FB823A7509800DC97C0 /* Resources */ = {
			isa = PBXResourcesBuildPhase;
			buildActionMask = 2147483647;
			files = (
			);
			runOnlyForDeploymentPostprocessing = 0;
		};
/* End PBXResourcesBuildPhase section */

/* Begin PBXSourcesBuildPhase section */
		C9064FA023A7509700DC97C0 /* Sources */ = {
			isa = PBXSourcesBuildPhase;
			buildActionMask = 2147483647;
			files = (
				C9064FAC23A7509700DC97C0 /* ViewController.swift in Sources */,
				C9064FCF23A7522D00DC97C0 /* Colors.swift in Sources */,
				C9064FCD23A7521F00DC97C0 /* Sizes.swift in Sources */,
				C9064FCA23A7520B00DC97C0 /* SkeletonView.swift in Sources */,
				C9064FA823A7509700DC97C0 /* AppDelegate.swift in Sources */,
				C9064FAA23A7509700DC97C0 /* SceneDelegate.swift in Sources */,
			);
			runOnlyForDeploymentPostprocessing = 0;
		};
		C9064FB623A7509800DC97C0 /* Sources */ = {
			isa = PBXSourcesBuildPhase;
			buildActionMask = 2147483647;
			files = (
				C9064FBF23A7509800DC97C0 /* SkeletonViewUITests.swift in Sources */,
			);
			runOnlyForDeploymentPostprocessing = 0;
		};
/* End PBXSourcesBuildPhase section */

/* Begin PBXTargetDependency section */
		C9064FBC23A7509800DC97C0 /* PBXTargetDependency */ = {
			isa = PBXTargetDependency;
			target = C9064FA323A7509700DC97C0 /* SkeletonView */;
			targetProxy = C9064FBB23A7509800DC97C0 /* PBXContainerItemProxy */;
		};
/* End PBXTargetDependency section */

/* Begin PBXVariantGroup section */
		C9064FAD23A7509700DC97C0 /* Main.storyboard */ = {
			isa = PBXVariantGroup;
			children = (
				C9064FAE23A7509700DC97C0 /* Base */,
			);
			name = Main.storyboard;
			sourceTree = "<group>";
		};
		C9064FB223A7509800DC97C0 /* LaunchScreen.storyboard */ = {
			isa = PBXVariantGroup;
			children = (
				C9064FB323A7509800DC97C0 /* Base */,
			);
			name = LaunchScreen.storyboard;
			sourceTree = "<group>";
		};
/* End PBXVariantGroup section */

/* Begin XCBuildConfiguration section */
		C9064FC123A7509800DC97C0 /* Debug */ = {
			isa = XCBuildConfiguration;
			buildSettings = {
				ALWAYS_SEARCH_USER_PATHS = NO;
				CLANG_ANALYZER_NONNULL = YES;
				CLANG_ANALYZER_NUMBER_OBJECT_CONVERSION = YES_AGGRESSIVE;
				CLANG_CXX_LANGUAGE_STANDARD = "gnu++14";
				CLANG_CXX_LIBRARY = "libc++";
				CLANG_ENABLE_MODULES = YES;
				CLANG_ENABLE_OBJC_ARC = YES;
				CLANG_ENABLE_OBJC_WEAK = YES;
				CLANG_WARN_BLOCK_CAPTURE_AUTORELEASING = YES;
				CLANG_WARN_BOOL_CONVERSION = YES;
				CLANG_WARN_COMMA = YES;
				CLANG_WARN_CONSTANT_CONVERSION = YES;
				CLANG_WARN_DEPRECATED_OBJC_IMPLEMENTATIONS = YES;
				CLANG_WARN_DIRECT_OBJC_ISA_USAGE = YES_ERROR;
				CLANG_WARN_DOCUMENTATION_COMMENTS = YES;
				CLANG_WARN_EMPTY_BODY = YES;
				CLANG_WARN_ENUM_CONVERSION = YES;
				CLANG_WARN_INFINITE_RECURSION = YES;
				CLANG_WARN_INT_CONVERSION = YES;
				CLANG_WARN_NON_LITERAL_NULL_CONVERSION = YES;
				CLANG_WARN_OBJC_IMPLICIT_RETAIN_SELF = YES;
				CLANG_WARN_OBJC_LITERAL_CONVERSION = YES;
				CLANG_WARN_OBJC_ROOT_CLASS = YES_ERROR;
				CLANG_WARN_RANGE_LOOP_ANALYSIS = YES;
				CLANG_WARN_STRICT_PROTOTYPES = YES;
				CLANG_WARN_SUSPICIOUS_MOVE = YES;
				CLANG_WARN_UNGUARDED_AVAILABILITY = YES_AGGRESSIVE;
				CLANG_WARN_UNREACHABLE_CODE = YES;
				CLANG_WARN__DUPLICATE_METHOD_MATCH = YES;
				COPY_PHASE_STRIP = NO;
				DEBUG_INFORMATION_FORMAT = dwarf;
				ENABLE_STRICT_OBJC_MSGSEND = YES;
				ENABLE_TESTABILITY = YES;
				GCC_C_LANGUAGE_STANDARD = gnu11;
				GCC_DYNAMIC_NO_PIC = NO;
				GCC_NO_COMMON_BLOCKS = YES;
				GCC_OPTIMIZATION_LEVEL = 0;
				GCC_PREPROCESSOR_DEFINITIONS = (
					"DEBUG=1",
					"$(inherited)",
				);
				GCC_WARN_64_TO_32_BIT_CONVERSION = YES;
				GCC_WARN_ABOUT_RETURN_TYPE = YES_ERROR;
				GCC_WARN_UNDECLARED_SELECTOR = YES;
				GCC_WARN_UNINITIALIZED_AUTOS = YES_AGGRESSIVE;
				GCC_WARN_UNUSED_FUNCTION = YES;
				GCC_WARN_UNUSED_VARIABLE = YES;
				IPHONEOS_DEPLOYMENT_TARGET = 13.1;
				MTL_ENABLE_DEBUG_INFO = INCLUDE_SOURCE;
				MTL_FAST_MATH = YES;
				ONLY_ACTIVE_ARCH = YES;
				SDKROOT = iphoneos;
				SWIFT_ACTIVE_COMPILATION_CONDITIONS = DEBUG;
				SWIFT_OPTIMIZATION_LEVEL = "-Onone";
			};
			name = Debug;
		};
		C9064FC223A7509800DC97C0 /* Release */ = {
			isa = XCBuildConfiguration;
			buildSettings = {
				ALWAYS_SEARCH_USER_PATHS = NO;
				CLANG_ANALYZER_NONNULL = YES;
				CLANG_ANALYZER_NUMBER_OBJECT_CONVERSION = YES_AGGRESSIVE;
				CLANG_CXX_LANGUAGE_STANDARD = "gnu++14";
				CLANG_CXX_LIBRARY = "libc++";
				CLANG_ENABLE_MODULES = YES;
				CLANG_ENABLE_OBJC_ARC = YES;
				CLANG_ENABLE_OBJC_WEAK = YES;
				CLANG_WARN_BLOCK_CAPTURE_AUTORELEASING = YES;
				CLANG_WARN_BOOL_CONVERSION = YES;
				CLANG_WARN_COMMA = YES;
				CLANG_WARN_CONSTANT_CONVERSION = YES;
				CLANG_WARN_DEPRECATED_OBJC_IMPLEMENTATIONS = YES;
				CLANG_WARN_DIRECT_OBJC_ISA_USAGE = YES_ERROR;
				CLANG_WARN_DOCUMENTATION_COMMENTS = YES;
				CLANG_WARN_EMPTY_BODY = YES;
				CLANG_WARN_ENUM_CONVERSION = YES;
				CLANG_WARN_INFINITE_RECURSION = YES;
				CLANG_WARN_INT_CONVERSION = YES;
				CLANG_WARN_NON_LITERAL_NULL_CONVERSION = YES;
				CLANG_WARN_OBJC_IMPLICIT_RETAIN_SELF = YES;
				CLANG_WARN_OBJC_LITERAL_CONVERSION = YES;
				CLANG_WARN_OBJC_ROOT_CLASS = YES_ERROR;
				CLANG_WARN_RANGE_LOOP_ANALYSIS = YES;
				CLANG_WARN_STRICT_PROTOTYPES = YES;
				CLANG_WARN_SUSPICIOUS_MOVE = YES;
				CLANG_WARN_UNGUARDED_AVAILABILITY = YES_AGGRESSIVE;
				CLANG_WARN_UNREACHABLE_CODE = YES;
				CLANG_WARN__DUPLICATE_METHOD_MATCH = YES;
				COPY_PHASE_STRIP = NO;
				DEBUG_INFORMATION_FORMAT = "dwarf-with-dsym";
				ENABLE_NS_ASSERTIONS = NO;
				ENABLE_STRICT_OBJC_MSGSEND = YES;
				GCC_C_LANGUAGE_STANDARD = gnu11;
				GCC_NO_COMMON_BLOCKS = YES;
				GCC_WARN_64_TO_32_BIT_CONVERSION = YES;
				GCC_WARN_ABOUT_RETURN_TYPE = YES_ERROR;
				GCC_WARN_UNDECLARED_SELECTOR = YES;
				GCC_WARN_UNINITIALIZED_AUTOS = YES_AGGRESSIVE;
				GCC_WARN_UNUSED_FUNCTION = YES;
				GCC_WARN_UNUSED_VARIABLE = YES;
				IPHONEOS_DEPLOYMENT_TARGET = 13.1;
				MTL_ENABLE_DEBUG_INFO = NO;
				MTL_FAST_MATH = YES;
				SDKROOT = iphoneos;
				SWIFT_COMPILATION_MODE = wholemodule;
				SWIFT_OPTIMIZATION_LEVEL = "-O";
				VALIDATE_PRODUCT = YES;
			};
			name = Release;
		};
		C9064FC423A7509800DC97C0 /* Debug */ = {
			isa = XCBuildConfiguration;
			buildSettings = {
				ASSETCATALOG_COMPILER_APPICON_NAME = AppIcon;
				CODE_SIGN_STYLE = Automatic;
				DEVELOPMENT_TEAM = 5WF5Y5M59G;
				INFOPLIST_FILE = SkeletonView/Info.plist;
				LD_RUNPATH_SEARCH_PATHS = (
					"$(inherited)",
					"@executable_path/Frameworks",
				);
				PRODUCT_BUNDLE_IDENTIFIER = com.gmail.yuki.market.SkeletonView;
				PRODUCT_NAME = "$(TARGET_NAME)";
				SWIFT_VERSION = 5.0;
				TARGETED_DEVICE_FAMILY = "1,2";
			};
			name = Debug;
		};
		C9064FC523A7509800DC97C0 /* Release */ = {
			isa = XCBuildConfiguration;
			buildSettings = {
				ASSETCATALOG_COMPILER_APPICON_NAME = AppIcon;
				CODE_SIGN_STYLE = Automatic;
				DEVELOPMENT_TEAM = 5WF5Y5M59G;
				INFOPLIST_FILE = SkeletonView/Info.plist;
				LD_RUNPATH_SEARCH_PATHS = (
					"$(inherited)",
					"@executable_path/Frameworks",
				);
				PRODUCT_BUNDLE_IDENTIFIER = com.gmail.yuki.market.SkeletonView;
				PRODUCT_NAME = "$(TARGET_NAME)";
				SWIFT_VERSION = 5.0;
				TARGETED_DEVICE_FAMILY = "1,2";
			};
			name = Release;
		};
		C9064FC723A7509800DC97C0 /* Debug */ = {
			isa = XCBuildConfiguration;
			buildSettings = {
				ALWAYS_EMBED_SWIFT_STANDARD_LIBRARIES = YES;
				CODE_SIGN_STYLE = Automatic;
				DEVELOPMENT_TEAM = 5WF5Y5M59G;
				INFOPLIST_FILE = SkeletonViewUITests/Info.plist;
				LD_RUNPATH_SEARCH_PATHS = (
					"$(inherited)",
					"@executable_path/Frameworks",
					"@loader_path/Frameworks",
				);
				PRODUCT_BUNDLE_IDENTIFIER = com.gmail.yuki.market.SkeletonViewUITests;
				PRODUCT_NAME = "$(TARGET_NAME)";
				SWIFT_VERSION = 5.0;
				TARGETED_DEVICE_FAMILY = "1,2";
				TEST_TARGET_NAME = SkeletonView;
			};
			name = Debug;
		};
		C9064FC823A7509800DC97C0 /* Release */ = {
			isa = XCBuildConfiguration;
			buildSettings = {
				ALWAYS_EMBED_SWIFT_STANDARD_LIBRARIES = YES;
				CODE_SIGN_STYLE = Automatic;
				DEVELOPMENT_TEAM = 5WF5Y5M59G;
				INFOPLIST_FILE = SkeletonViewUITests/Info.plist;
				LD_RUNPATH_SEARCH_PATHS = (
					"$(inherited)",
					"@executable_path/Frameworks",
					"@loader_path/Frameworks",
				);
				PRODUCT_BUNDLE_IDENTIFIER = com.gmail.yuki.market.SkeletonViewUITests;
				PRODUCT_NAME = "$(TARGET_NAME)";
				SWIFT_VERSION = 5.0;
				TARGETED_DEVICE_FAMILY = "1,2";
				TEST_TARGET_NAME = SkeletonView;
			};
			name = Release;
		};
/* End XCBuildConfiguration section */

/* Begin XCConfigurationList section */
		C9064F9F23A7509700DC97C0 /* Build configuration list for PBXProject "SkeletonView" */ = {
			isa = XCConfigurationList;
			buildConfigurations = (
				C9064FC123A7509800DC97C0 /* Debug */,
				C9064FC223A7509800DC97C0 /* Release */,
			);
			defaultConfigurationIsVisible = 0;
			defaultConfigurationName = Release;
		};
		C9064FC323A7509800DC97C0 /* Build configuration list for PBXNativeTarget "SkeletonView" */ = {
			isa = XCConfigurationList;
			buildConfigurations = (
				C9064FC423A7509800DC97C0 /* Debug */,
				C9064FC523A7509800DC97C0 /* Release */,
			);
			defaultConfigurationIsVisible = 0;
			defaultConfigurationName = Release;
		};
		C9064FC623A7509800DC97C0 /* Build configuration list for PBXNativeTarget "SkeletonViewUITests" */ = {
			isa = XCConfigurationList;
			buildConfigurations = (
				C9064FC723A7509800DC97C0 /* Debug */,
				C9064FC823A7509800DC97C0 /* Release */,
			);
			defaultConfigurationIsVisible = 0;
			defaultConfigurationName = Release;
		};
/* End XCConfigurationList section */
	};
	rootObject = C9064F9C23A7509700DC97C0 /* Project object */;
}
